{
  "lockfileVersion": 1,
  "workspaces": {
    "": {
      "name": "code",
      "dependencies": {
        "@ohayocorp/anemos-hello-world": "^1.0.3",
      },
      "devDependencies": {
        "@ohayocorp/anemos": "workspace:.anemos/types",
      },
    },
    ".anemos/types": {
      "name": "@ohayocorp/anemos",
      "version": "0.0.0",
    },
  },
  "packages": {
    "@ohayocorp/anemos": ["@ohayocorp/anemos@workspace:.anemos/types"],

    "@ohayocorp/anemos-hello-world": ["@ohayocorp/anemos-hello-world@1.0.3", "", {}, "sha512-pRp9duZ024mBb6712RhAK33Rz6TN+eNA2E7mnQMZW7L0P8/l7pw0Rin2a7EMuMEkk67hPnKBxk7dkL0EJIX+XA=="],
  }
}
