{
  "lockfileVersion": 1,
  "workspaces": {
    "": {
      "name": "generating-kubernetes-manifests",
      "devDependencies": {
        "@ohayocorp/anemos": "workspace:.anemos/types",
        "typescript": "^5.8.3",
      },
    },
    ".anemos/types": {
      "name": "@ohayocorp/anemos",
      "version": "0.0.0",
    },
  },
  "packages": {
    "@ohayocorp/anemos": ["@ohayocorp/anemos@workspace:.anemos/types"],

    "typescript": ["typescript@5.8.3", "", { "bin": { "tsc": "bin/tsc", "tsserver": "bin/tsserver" } }, "sha512-p1diW6TqL9L07nNxvRMM7hMMw4c5XOo/1ibL4aAIGmSAt9slTE1Xgw5KWuof2uTOvCg9BY7ZRi+GaF+7sfgPeQ=="],
  }
}
